// !$*UTF8*$!
{
	archiveVersion = 1;
	classes = {
	};
	objectVersion = 50;
	objects = {

/* Begin PBXBuildFile section */
		F689B27522BBC96C009630C9 /* AppDelegate.m in Sources */ = {isa = PBXBuildFile; fileRef = F689B27422BBC96C009630C9 /* AppDelegate.m */; };
		F689B27822BBC96C009630C9 /* SceneDelegate.m in Sources */ = {isa = PBXBuildFile; fileRef = F689B27722BBC96C009630C9 /* SceneDelegate.m */; };
		F689B27B22BBC96C009630C9 /* ViewController.m in Sources */ = {isa = PBXBuildFile; fileRef = F689B27A22BBC96C009630C9 /* ViewController.m */; };
		F689B27E22BBC96C009630C9 /* Main.storyboard in Resources */ = {isa = PBXBuildFile; fileRef = F689B27C22BBC96C009630C9 /* Main.storyboard */; };
		F689B28022BBC96D009630C9 /* Assets.xcassets in Resources */ = {isa = PBXBuildFile; fileRef = F689B27F22BBC96D009630C9 /* Assets.xcassets */; };
		F689B28322BBC96D009630C9 /* LaunchScreen.storyboard in Resources */ = {isa = PBXBuildFile; fileRef = F689B28122BBC96D009630C9 /* LaunchScreen.storyboard */; };
		F689B28622BBC96D009630C9 /* main.m in Sources */ = {isa = PBXBuildFile; fileRef = F689B28522BBC96D009630C9 /* main.m */; };
		F689B29B22BBCA56009630C9 /* libTestStaticLib.a in Frameworks */ = {isa = PBXBuildFile; fileRef = F689B29A22BBCA56009630C9 /* libTestStaticLib.a */; };
/* End PBXBuildFile section */

/* Begin PBXFileReference section */
		F689B27022BBC96C009630C9 /* SampleApp.app */ = {isa = PBXFileReference; explicitFileType = wrapper.application; includeInIndex = 0; path = SampleApp.app; sourceTree = BUILT_PRODUCTS_DIR; };
		F689B27322BBC96C009630C9 /* AppDelegate.h */ = {isa = PBXFileReference; lastKnownFileType = sourcecode.c.h; path = AppDelegate.h; sourceTree = "<group>"; };
		F689B27422BBC96C009630C9 /* AppDelegate.m */ = {isa = PBXFileReference; lastKnownFileType = sourcecode.c.objc; path = AppDelegate.m; sourceTree = "<group>"; };
		F689B27622BBC96C009630C9 /* SceneDelegate.h */ = {isa = PBXFileReference; lastKnownFileType = sourcecode.c.h; path = SceneDelegate.h; sourceTree = "<group>"; };
		F689B27722BBC96C009630C9 /* SceneDelegate.m */ = {isa = PBXFileReference; lastKnownFileType = sourcecode.c.objc; path = SceneDelegate.m; sourceTree = "<group>"; };
		F689B27922BBC96C009630C9 /* ViewController.h */ = {isa = PBXFileReference; lastKnownFileType = sourcecode.c.h; path = ViewController.h; sourceTree = "<group>"; };
		F689B27A22BBC96C009630C9 /* ViewController.m */ = {isa = PBXFileReference; lastKnownFileType = sourcecode.c.objc; path = ViewController.m; sourceTree = "<group>"; };
		F689B27D22BBC96C009630C9 /* Base */ = {isa = PBXFileReference; lastKnownFileType = file.storyboard; name = Base; path = Base.lproj/Main.storyboard; sourceTree = "<group>"; };
		F689B27F22BBC96D009630C9 /* Assets.xcassets */ = {isa = PBXFileReference; lastKnownFileType = folder.assetcatalog; path = Assets.xcassets; sourceTree = "<group>"; };
		F689B28222BBC96D009630C9 /* Base */ = {isa = PBXFileReference; lastKnownFileType = file.storyboard; name = Base; path = Base.lproj/LaunchScreen.storyboard; sourceTree = "<group>"; };
		F689B28422BBC96D009630C9 /* Info.plist */ = {isa = PBXFileReference; lastKnownFileType = text.plist.xml; path = Info.plist; sourceTree = "<group>"; };
		F689B28522BBC96D009630C9 /* main.m */ = {isa = PBXFileReference; lastKnownFileType = sourcecode.c.objc; path = main.m; sourceTree = "<group>"; };
		F689B29A22BBCA56009630C9 /* libTestStaticLib.a */ = {isa = PBXFileReference; explicitFileType = archive.ar; path = libTestStaticLib.a; sourceTree = BUILT_PRODUCTS_DIR; };
/* End PBXFileReference section */

/* Begin PBXFrameworksBuildPhase section */
		F689B26D22BBC96C009630C9 /* Frameworks */ = {
			isa = PBXFrameworksBuildPhase;
			buildActionMask = 2147483647;
			files = (
				F689B29B22BBCA56009630C9 /* libTestStaticLib.a in Frameworks */,
			);
			runOnlyForDeploymentPostprocessing = 0;
		};
/* End PBXFrameworksBuildPhase section */

/* Begin PBXGroup section */
		F689B26722BBC96C009630C9 = {
			isa = PBXGroup;
			children = (
				F689B27222BBC96C009630C9 /* SampleApp */,
				F689B27122BBC96C009630C9 /* Products */,
				F689B29922BBCA56009630C9 /* Frameworks */,
			);
			sourceTree = "<group>";
		};
		F689B27122BBC96C009630C9 /* Products */ = {
			isa = PBXGroup;
			children = (
				F689B27022BBC96C009630C9 /* SampleApp.app */,
			);
			name = Products;
			sourceTree = "<group>";
		};
		F689B27222BBC96C009630C9 /* SampleApp */ = {
			isa = PBXGroup;
			children = (
				F689B27322BBC96C009630C9 /* AppDelegate.h */,
				F689B27422BBC96C009630C9 /* AppDelegate.m */,
				F689B27622BBC96C009630C9 /* SceneDelegate.h */,
				F689B27722BBC96C009630C9 /* SceneDelegate.m */,
				F689B27922BBC96C009630C9 /* ViewController.h */,
				F689B27A22BBC96C009630C9 /* ViewController.m */,
				F689B27C22BBC96C009630C9 /* Main.storyboard */,
				F689B27F22BBC96D009630C9 /* Assets.xcassets */,
				F689B28122BBC96D009630C9 /* LaunchScreen.storyboard */,
				F689B28422BBC96D009630C9 /* Info.plist */,
				F689B28522BBC96D009630C9 /* main.m */,
			);
			path = SampleApp;
			sourceTree = "<group>";
		};
		F689B29922BBCA56009630C9 /* Frameworks */ = {
			isa = PBXGroup;
			children = (
				F689B29A22BBCA56009630C9 /* libTestStaticLib.a */,
			);
			name = Frameworks;
			sourceTree = "<group>";
		};
/* End PBXGroup section */

/* Begin PBXNativeTarget section */
		F689B26F22BBC96C009630C9 /* SampleApp */ = {
			isa = PBXNativeTarget;
			buildConfigurationList = F689B28922BBC96D009630C9 /* Build configuration list for PBXNativeTarget "SampleApp" */;
			buildPhases = (
				F689B26C22BBC96C009630C9 /* Sources */,
				F689B26D22BBC96C009630C9 /* Frameworks */,
				F689B26E22BBC96C009630C9 /* Resources */,
			);
			buildRules = (
			);
			dependencies = (
			);
			name = SampleApp;
			productName = SampleApp;
			productReference = F689B27022BBC96C009630C9 /* SampleApp.app */;
			productType = "com.apple.product-type.application";
		};
/* End PBXNativeTarget section */

/* Begin PBXProject section */
		F689B26822BBC96C009630C9 /* Project object */ = {
			isa = PBXProject;
			attributes = {
				LastUpgradeCheck = 1100;
				ORGANIZATIONNAME = dg;
				TargetAttributes = {
					F689B26F22BBC96C009630C9 = {
						CreatedOnToolsVersion = 11.0;
					};
				};
			};
			buildConfigurationList = F689B26B22BBC96C009630C9 /* Build configuration list for PBXProject "SampleApp" */;
			compatibilityVersion = "Xcode 9.3";
			developmentRegion = en;
			hasScannedForEncodings = 0;
			knownRegions = (
				en,
				Base,
			);
			mainGroup = F689B26722BBC96C009630C9;
			productRefGroup = F689B27122BBC96C009630C9 /* Products */;
			projectDirPath = "";
			projectRoot = "";
			targets = (
				F689B26F22BBC96C009630C9 /* SampleApp */,
			);
		};
/* End PBXProject section */

/* Begin PBXResourcesBuildPhase section */
		F689B26E22BBC96C009630C9 /* Resources */ = {
			isa = PBXResourcesBuildPhase;
			buildActionMask = 2147483647;
			files = (
				F689B28322BBC96D009630C9 /* LaunchScreen.storyboard in Resources */,
				F689B28022BBC96D009630C9 /* Assets.xcassets in Resources */,
				F689B27E22BBC96C009630C9 /* Main.storyboard in Resources */,
			);
			runOnlyForDeploymentPostprocessing = 0;
		};
/* End PBXResourcesBuildPhase section */

/* Begin PBXSourcesBuildPhase section */
		F689B26C22BBC96C009630C9 /* Sources */ = {
			isa = PBXSourcesBuildPhase;
			buildActionMask = 2147483647;
			files = (
				F689B27B22BBC96C009630C9 /* ViewController.m in Sources */,
				F689B27522BBC96C009630C9 /* AppDelegate.m in Sources */,
				F689B28622BBC96D009630C9 /* main.m in Sources */,
				F689B27822BBC96C009630C9 /* SceneDelegate.m in Sources */,
			);
			runOnlyForDeploymentPostprocessing = 0;
		};
/* End PBXSourcesBuildPhase section */

/* Begin PBXVariantGroup section */
		F689B27C22BBC96C009630C9 /* Main.storyboard */ = {
			isa = PBXVariantGroup;
			children = (
				F689B27D22BBC96C009630C9 /* Base */,
			);
			name = Main.storyboard;
			sourceTree = "<group>";
		};
		F689B28122BBC96D009630C9 /* LaunchScreen.storyboard */ = {
			isa = PBXVariantGroup;
			children = (
				F689B28222BBC96D009630C9 /* Base */,
			);
			name = LaunchScreen.storyboard;
			sourceTree = "<group>";
		};
/* End PBXVariantGroup section */

/* Begin XCBuildConfiguration section */
		F689B28722BBC96D009630C9 /* Debug */ = {
			isa = XCBuildConfiguration;
			buildSettings = {
				ALWAYS_SEARCH_USER_PATHS = NO;
				CLANG_ANALYZER_NONNULL = YES;
				CLANG_ANALYZER_NUMBER_OBJECT_CONVERSION = YES_AGGRESSIVE;
				CLANG_CXX_LANGUAGE_STANDARD = "gnu++14";
				CLANG_CXX_LIBRARY = "libc++";
				CLANG_ENABLE_MODULES = YES;
				CLANG_ENABLE_OBJC_ARC = YES;
				CLANG_ENABLE_OBJC_WEAK = YES;
				CLANG_WARN_BLOCK_CAPTURE_AUTORELEASING = YES;
				CLANG_WARN_BOOL_CONVERSION = YES;
				CLANG_WARN_COMMA = YES;
				CLANG_WARN_CONSTANT_CONVERSION = YES;
				CLANG_WARN_DEPRECATED_OBJC_IMPLEMENTATIONS = YES;
				CLANG_WARN_DIRECT_OBJC_ISA_USAGE = YES_ERROR;
				CLANG_WARN_DOCUMENTATION_COMMENTS = YES;
				CLANG_WARN_EMPTY_BODY = YES;
				CLANG_WARN_ENUM_CONVERSION = YES;
				CLANG_WARN_INFINITE_RECURSION = YES;
				CLANG_WARN_INT_CONVERSION = YES;
				CLANG_WARN_NON_LITERAL_NULL_CONVERSION = YES;
				CLANG_WARN_OBJC_IMPLICIT_RETAIN_SELF = YES;
				CLANG_WARN_OBJC_LITERAL_CONVERSION = YES;
				CLANG_WARN_OBJC_ROOT_CLASS = YES_ERROR;
				CLANG_WARN_RANGE_LOOP_ANALYSIS = YES;
				CLANG_WARN_STRICT_PROTOTYPES = YES;
				CLANG_WARN_SUSPICIOUS_MOVE = YES;
				CLANG_WARN_UNGUARDED_AVAILABILITY = YES_AGGRESSIVE;
				CLANG_WARN_UNREACHABLE_CODE = YES;
				CLANG_WARN__DUPLICATE_METHOD_MATCH = YES;
				COPY_PHASE_STRIP = NO;
				DEBUG_INFORMATION_FORMAT = dwarf;
				ENABLE_STRICT_OBJC_MSGSEND = YES;
				ENABLE_TESTABILITY = YES;
				GCC_C_LANGUAGE_STANDARD = gnu11;
				GCC_DYNAMIC_NO_PIC = NO;
				GCC_NO_COMMON_BLOCKS = YES;
				GCC_OPTIMIZATION_LEVEL = 0;
				GCC_PREPROCESSOR_DEFINITIONS = (
					"DEBUG=1",
					"$(inherited)",
				);
				GCC_WARN_64_TO_32_BIT_CONVERSION = YES;
				GCC_WARN_ABOUT_RETURN_TYPE = YES_ERROR;
				GCC_WARN_UNDECLARED_SELECTOR = YES;
				GCC_WARN_UNINITIALIZED_AUTOS = YES_AGGRESSIVE;
				GCC_WARN_UNUSED_FUNCTION = YES;
				GCC_WARN_UNUSED_VARIABLE = YES;
				IPHONEOS_DEPLOYMENT_TARGET = 13.0;
				MTL_ENABLE_DEBUG_INFO = INCLUDE_SOURCE;
				MTL_FAST_MATH = YES;
				ONLY_ACTIVE_ARCH = YES;
				SDKROOT = iphoneos;
			};
			name = Debug;
		};
		F689B28822BBC96D009630C9 /* Release */ = {
			isa = XCBuildConfiguration;
			buildSettings = {
				ALWAYS_SEARCH_USER_PATHS = NO;
				CLANG_ANALYZER_NONNULL = YES;
				CLANG_ANALYZER_NUMBER_OBJECT_CONVERSION = YES_AGGRESSIVE;
				CLANG_CXX_LANGUAGE_STANDARD = "gnu++14";
				CLANG_CXX_LIBRARY = "libc++";
				CLANG_ENABLE_MODULES = YES;
				CLANG_ENABLE_OBJC_ARC = YES;
				CLANG_ENABLE_OBJC_WEAK = YES;
				CLANG_WARN_BLOCK_CAPTURE_AUTORELEASING = YES;
				CLANG_WARN_BOOL_CONVERSION = YES;
				CLANG_WARN_COMMA = YES;
				CLANG_WARN_CONSTANT_CONVERSION = YES;
				CLANG_WARN_DEPRECATED_OBJC_IMPLEMENTATIONS = YES;
				CLANG_WARN_DIRECT_OBJC_ISA_USAGE = YES_ERROR;
				CLANG_WARN_DOCUMENTATION_COMMENTS = YES;
				CLANG_WARN_EMPTY_BODY = YES;
				CLANG_WARN_ENUM_CONVERSION = YES;
				CLANG_WARN_INFINITE_RECURSION = YES;
				CLANG_WARN_INT_CONVERSION = YES;
				CLANG_WARN_NON_LITERAL_NULL_CONVERSION = YES;
				CLANG_WARN_OBJC_IMPLICIT_RETAIN_SELF = YES;
				CLANG_WARN_OBJC_LITERAL_CONVERSION = YES;
				CLANG_WARN_OBJC_ROOT_CLASS = YES_ERROR;
				CLANG_WARN_RANGE_LOOP_ANALYSIS = YES;
				CLANG_WARN_STRICT_PROTOTYPES = YES;
				CLANG_WARN_SUSPICIOUS_MOVE = YES;
				CLANG_WARN_UNGUARDED_AVAILABILITY = YES_AGGRESSIVE;
				CLANG_WARN_UNREACHABLE_CODE = YES;
				CLANG_WARN__DUPLICATE_METHOD_MATCH = YES;
				COPY_PHASE_STRIP = NO;
				DEBUG_INFORMATION_FORMAT = "dwarf-with-dsym";
				ENABLE_NS_ASSERTIONS = NO;
				ENABLE_STRICT_OBJC_MSGSEND = YES;
				GCC_C_LANGUAGE_STANDARD = gnu11;
				GCC_NO_COMMON_BLOCKS = YES;
				GCC_WARN_64_TO_32_BIT_CONVERSION = YES;
				GCC_WARN_ABOUT_RETURN_TYPE = YES_ERROR;
				GCC_WARN_UNDECLARED_SELECTOR = YES;
				GCC_WARN_UNINITIALIZED_AUTOS = YES_AGGRESSIVE;
				GCC_WARN_UNUSED_FUNCTION = YES;
				GCC_WARN_UNUSED_VARIABLE = YES;
				IPHONEOS_DEPLOYMENT_TARGET = 13.0;
				MTL_ENABLE_DEBUG_INFO = NO;
				MTL_FAST_MATH = YES;
				SDKROOT = iphoneos;
				VALIDATE_PRODUCT = YES;
			};
			name = Release;
		};
		F689B28A22BBC96D009630C9 /* Debug */ = {
			isa = XCBuildConfiguration;
			buildSettings = {
				ASSETCATALOG_COMPILER_APPICON_NAME = AppIcon;
				CODE_SIGN_STYLE = Automatic;
				HEADER_SEARCH_PATHS = "$(SRCROOT)/TestStaticLib/include/TestStaticLib";
				INFOPLIST_FILE = SampleApp/Info.plist;
				LD_RUNPATH_SEARCH_PATHS = (
					"$(inherited)",
					"@executable_path/Frameworks",
				);
				LIBRARY_SEARCH_PATHS = "$(SRCROOT)/TestStaticLib";
				PRODUCT_BUNDLE_IDENTIFIER = com.dg.SampleApp;
				PRODUCT_NAME = "$(TARGET_NAME)";
				TARGETED_DEVICE_FAMILY = "1,2";
			};
			name = Debug;
		};
		F689B28B22BBC96D009630C9 /* Release */ = {
			isa = XCBuildConfiguration;
			buildSettings = {
				ASSETCATALOG_COMPILER_APPICON_NAME = AppIcon;
				CODE_SIGN_STYLE = Automatic;
				HEADER_SEARCH_PATHS = "$(SRCROOT)/TestStaticLib/include/TestStaticLib";
				INFOPLIST_FILE = SampleApp/Info.plist;
				LD_RUNPATH_SEARCH_PATHS = (
					"$(inherited)",
					"@executable_path/Frameworks",
				);
				LIBRARY_SEARCH_PATHS = "$(SRCROOT)/TestStaticLib";
				PRODUCT_BUNDLE_IDENTIFIER = com.dg.SampleApp;
				PRODUCT_NAME = "$(TARGET_NAME)";
				TARGETED_DEVICE_FAMILY = "1,2";
			};
			name = Release;
		};
/* End XCBuildConfiguration section */

/* Begin XCConfigurationList section */
		F689B26B22BBC96C009630C9 /* Build configuration list for PBXProject "SampleApp" */ = {
			isa = XCConfigurationList;
			buildConfigurations = (
				F689B28722BBC96D009630C9 /* Debug */,
				F689B28822BBC96D009630C9 /* Release */,
			);
			defaultConfigurationIsVisible = 0;
			defaultConfigurationName = Release;
		};
		F689B28922BBC96D009630C9 /* Build configuration list for PBXNativeTarget "SampleApp" */ = {
			isa = XCConfigurationList;
			buildConfigurations = (
				F689B28A22BBC96D009630C9 /* Debug */,
				F689B28B22BBC96D009630C9 /* Release */,
			);
			defaultConfigurationIsVisible = 0;
			defaultConfigurationName = Release;
		};
/* End XCConfigurationList section */
	};
	rootObject = F689B26822BBC96C009630C9 /* Project object */;
}
